
Microsoft Visual Studio Solution File, Format Version 12.00
# Visual Studio 14
VisualStudioVersion = 14.0.25123.0
MinimumVisualStudioVersion = 10.0.40219.1
Project("{151D2E53-A2C4-4D7D-83FE-D05416EBD58E}") = "TR23DevOpsHOL", "TR23DevOpsHOL\TR23DevOpsHOL.deployproj", "{49692657-49A9-416E-9A13-2FA4684984FD}"
EndProject
Global
	GlobalSection(SolutionConfigurationPlatforms) = preSolution
		Debug|Any CPU = Debug|Any CPU
		Release|Any CPU = Release|Any CPU
	EndGlobalSection
	GlobalSection(ProjectConfigurationPlatforms) = postSolution
		{49692657-49A9-416E-9A13-2FA4684984FD}.Debug|Any CPU.ActiveCfg = Debug|Any CPU
		{49692657-49A9-416E-9A13-2FA4684984FD}.Debug|Any CPU.Build.0 = Debug|Any CPU
		{49692657-49A9-416E-9A13-2FA4684984FD}.Release|Any CPU.ActiveCfg = Release|Any CPU
		{49692657-49A9-416E-9A13-2FA4684984FD}.Release|Any CPU.Build.0 = Release|Any CPU
	EndGlobalSection
	GlobalSection(SolutionProperties) = preSolution
		HideSolutionNode = FALSE
	EndGlobalSection
EndGlobal
